
Microsoft Visual Studio Solution File, Format Version 12.00
# Visual Studio 15
VisualStudioVersion = 15.0.27004.2009
MinimumVisualStudioVersion = 10.0.40219.1
Project("{8BC9CEB8-8B4A-11D0-8D11-00A0C91BC942}") = "Dash", "Dash\Dash.vcxproj", "{C33253B7-2125-4D3B-B81F-C880F72868A5}"
EndProject
Global
	GlobalSection(SolutionConfigurationPlatforms) = preSolution
		Debug|x64 = Debug|x64
		Debug|x86 = Debug|x86
		Release|x64 = Release|x64
		Release|x86 = Release|x86
	EndGlobalSection
	GlobalSection(ProjectConfigurationPlatforms) = postSolution
		{C33253B7-2125-4D3B-B81F-C880F72868A5}.Debug|x64.ActiveCfg = Debug|x64
		{C33253B7-2125-4D3B-B81F-C880F72868A5}.Debug|x64.Build.0 = Debug|x64
		{C33253B7-2125-4D3B-B81F-C880F72868A5}.Debug|x86.ActiveCfg = Debug|Win32
		{C33253B7-2125-4D3B-B81F-C880F72868A5}.Debug|x86.Build.0 = Debug|Win32
		{C33253B7-2125-4D3B-B81F-C880F72868A5}.Release|x64.ActiveCfg = Release|x64
		{C33253B7-2125-4D3B-B81F-C880F72868A5}.Release|x64.Build.0 = Release|x64
		{C33253B7-2125-4D3B-B81F-C880F72868A5}.Release|x86.ActiveCfg = Release|Win32
		{C33253B7-2125-4D3B-B81F-C880F72868A5}.Release|x86.Build.0 = Release|Win32
	EndGlobalSection
	GlobalSection(SolutionProperties) = preSolution
		HideSolutionNode = FALSE
	EndGlobalSection
	GlobalSection(ExtensibilityGlobals) = postSolution
		SolutionGuid = {ABFE1402-FA5D-49BA-B0A4-52C9F8BDE612}
	EndGlobalSection
EndGlobal
